
Microsoft Visual Studio Solution File, Format Version 12.00
# Visual Studio Version 17
VisualStudioVersion = 17.8.34408.163
MinimumVisualStudioVersion = 10.0.40219.1
Project("{FAE04EC0-301F-11D3-BF4B-00C04F79EFBC}") = "Consumer.Pedidos", "Consumer.Pedidos\Consumer.Pedidos.csproj", "{CC978C2B-1F1A-479F-9C4D-C63AD5962B40}"
EndProject
Global
	GlobalSection(SolutionConfigurationPlatforms) = preSolution
		Debug|Any CPU = Debug|Any CPU
		Release|Any CPU = Release|Any CPU
	EndGlobalSection
	GlobalSection(ProjectConfigurationPlatforms) = postSolution
		{CC978C2B-1F1A-479F-9C4D-C63AD5962B40}.Debug|Any CPU.ActiveCfg = Debug|Any CPU
		{CC978C2B-1F1A-479F-9C4D-C63AD5962B40}.Debug|Any CPU.Build.0 = Debug|Any CPU
		{CC978C2B-1F1A-479F-9C4D-C63AD5962B40}.Release|Any CPU.ActiveCfg = Release|Any CPU
		{CC978C2B-1F1A-479F-9C4D-C63AD5962B40}.Release|Any CPU.Build.0 = Release|Any CPU
	EndGlobalSection
	GlobalSection(SolutionProperties) = preSolution
		HideSolutionNode = FALSE
	EndGlobalSection
	GlobalSection(ExtensibilityGlobals) = postSolution
		SolutionGuid = {4F1A93DC-6F08-4B08-9F3E-57FFE6F8BBB8}
	EndGlobalSection
EndGlobal
